
Microsoft Visual Studio Solution File, Format Version 12.00
Project("{FAE04EC0-301F-11D3-BF4B-00C04F79EFBC}") = "ADMG", "ADMG\ADMG.csproj", "{2F3A25C6-4862-4B4E-BB0A-EC18369484CC}"
EndProject
Project("{2150E333-8FDC-42A3-9474-1A3956D46DE8}") = "ASFW", "ASFW", "{61B65E54-0355-4E57-B156-6FAA52415FC0}"
EndProject
Project("{FAE04EC0-301F-11D3-BF4B-00C04F79EFBC}") = "ASFW", "..\External\ASFW\Source\ASFW\ASFW.csproj", "{551D424E-3BDC-4FB1-8615-2A420B287329}"
EndProject
Project("{FAE04EC0-301F-11D3-BF4B-00C04F79EFBC}") = "ASFW.Platform.Desktop", "..\External\ASFW\Source\ASFW.Platform.Desktop\ASFW.Platform.Desktop.csproj", "{E40A5A80-732D-4BD1-9193-C5E0BF87478D}"
EndProject
Project("{FAE04EC0-301F-11D3-BF4B-00C04F79EFBC}") = "ASFW.Graphics.OpenGL", "..\External\ASFW\Source\ASFW.Graphics.OpenGL\ASFW.Graphics.OpenGL.csproj", "{CEF13280-A6B2-4B4D-A78F-FA825B4BBC62}"
EndProject
Project("{FAE04EC0-301F-11D3-BF4B-00C04F79EFBC}") = "ASFW.Extension.Text", "..\External\ASFW\Source\ASFW.Extension.Text\ASFW.Extension.Text.csproj", "{67533703-406D-4323-919C-F2A0614E9AA4}"
EndProject
Global
	GlobalSection(SolutionConfigurationPlatforms) = preSolution
		Debug|Any CPU = Debug|Any CPU
		Release|Any CPU = Release|Any CPU
	EndGlobalSection
	GlobalSection(ProjectConfigurationPlatforms) = postSolution
		{2F3A25C6-4862-4B4E-BB0A-EC18369484CC}.Debug|Any CPU.ActiveCfg = Debug|Any CPU
		{2F3A25C6-4862-4B4E-BB0A-EC18369484CC}.Debug|Any CPU.Build.0 = Debug|Any CPU
		{2F3A25C6-4862-4B4E-BB0A-EC18369484CC}.Release|Any CPU.ActiveCfg = Release|Any CPU
		{2F3A25C6-4862-4B4E-BB0A-EC18369484CC}.Release|Any CPU.Build.0 = Release|Any CPU
		{551D424E-3BDC-4FB1-8615-2A420B287329}.Debug|Any CPU.ActiveCfg = Debug|Any CPU
		{551D424E-3BDC-4FB1-8615-2A420B287329}.Debug|Any CPU.Build.0 = Debug|Any CPU
		{551D424E-3BDC-4FB1-8615-2A420B287329}.Release|Any CPU.ActiveCfg = Release|Any CPU
		{551D424E-3BDC-4FB1-8615-2A420B287329}.Release|Any CPU.Build.0 = Release|Any CPU
		{E40A5A80-732D-4BD1-9193-C5E0BF87478D}.Debug|Any CPU.ActiveCfg = Debug|Any CPU
		{E40A5A80-732D-4BD1-9193-C5E0BF87478D}.Debug|Any CPU.Build.0 = Debug|Any CPU
		{E40A5A80-732D-4BD1-9193-C5E0BF87478D}.Release|Any CPU.ActiveCfg = Release|Any CPU
		{E40A5A80-732D-4BD1-9193-C5E0BF87478D}.Release|Any CPU.Build.0 = Release|Any CPU
		{CEF13280-A6B2-4B4D-A78F-FA825B4BBC62}.Debug|Any CPU.ActiveCfg = Debug|Any CPU
		{CEF13280-A6B2-4B4D-A78F-FA825B4BBC62}.Debug|Any CPU.Build.0 = Debug|Any CPU
		{CEF13280-A6B2-4B4D-A78F-FA825B4BBC62}.Release|Any CPU.ActiveCfg = Release|Any CPU
		{CEF13280-A6B2-4B4D-A78F-FA825B4BBC62}.Release|Any CPU.Build.0 = Release|Any CPU
		{67533703-406D-4323-919C-F2A0614E9AA4}.Debug|Any CPU.ActiveCfg = Debug|Any CPU
		{67533703-406D-4323-919C-F2A0614E9AA4}.Debug|Any CPU.Build.0 = Debug|Any CPU
		{67533703-406D-4323-919C-F2A0614E9AA4}.Release|Any CPU.ActiveCfg = Release|Any CPU
		{67533703-406D-4323-919C-F2A0614E9AA4}.Release|Any CPU.Build.0 = Release|Any CPU
	EndGlobalSection
	GlobalSection(NestedProjects) = preSolution
		{551D424E-3BDC-4FB1-8615-2A420B287329} = {61B65E54-0355-4E57-B156-6FAA52415FC0}
		{E40A5A80-732D-4BD1-9193-C5E0BF87478D} = {61B65E54-0355-4E57-B156-6FAA52415FC0}
		{CEF13280-A6B2-4B4D-A78F-FA825B4BBC62} = {61B65E54-0355-4E57-B156-6FAA52415FC0}
		{67533703-406D-4323-919C-F2A0614E9AA4} = {61B65E54-0355-4E57-B156-6FAA52415FC0}
	EndGlobalSection
EndGlobal
